// !$*UTF8*$!
{
	archiveVersion = 1;
	classes = {
	};
	objectVersion = 56;
	objects = {

/* Begin PBXBuildFile section */
		3EA6EBA12C4F489F00627C63 /* CustomTabBar.swift in Sources */ = {isa = PBXBuildFile; fileRef = 3EA6EBA02C4F489F00627C63 /* CustomTabBar.swift */; };
		3EA6EBA32C4F492900627C63 /* MainTabView.swift in Sources */ = {isa = PBXBuildFile; fileRef = 3EA6EBA22C4F492900627C63 /* MainTabView.swift */; };
		3EA6EBA52C4F495700627C63 /* HomeView.swift in Sources */ = {isa = PBXBuildFile; fileRef = 3EA6EBA42C4F495700627C63 /* HomeView.swift */; };
		3EA6EBA82C4F497700627C63 /* RoutineView.swift in Sources */ = {isa = PBXBuildFile; fileRef = 3EA6EBA72C4F497700627C63 /* RoutineView.swift */; };
		3EA6EBAA2C4F724200627C63 /* RoutineModel.swift in Sources */ = {isa = PBXBuildFile; fileRef = 3EA6EBA92C4F724200627C63 /* RoutineModel.swift */; };
		3EA6EBAC2C4F773F00627C63 /* RoutineViewModel.swift in Sources */ = {isa = PBXBuildFile; fileRef = 3EA6EBAB2C4F773F00627C63 /* RoutineViewModel.swift */; };
		3EA6EBAE2C4F874300627C63 /* RoutineAddView.swift in Sources */ = {isa = PBXBuildFile; fileRef = 3EA6EBAD2C4F874300627C63 /* RoutineAddView.swift */; };
		3EA6EBB02C4F98EB00627C63 /* RoutineManagementView.swift in Sources */ = {isa = PBXBuildFile; fileRef = 3EA6EBAF2C4F98EB00627C63 /* RoutineManagementView.swift */; };
		3EA6EBB22C5094CC00627C63 /* RoutineDetailView.swift in Sources */ = {isa = PBXBuildFile; fileRef = 3EA6EBB12C5094CB00627C63 /* RoutineDetailView.swift */; };
		3EA6EBB42C509DDB00627C63 /* RoutineProvingView.swift in Sources */ = {isa = PBXBuildFile; fileRef = 3EA6EBB32C509DDB00627C63 /* RoutineProvingView.swift */; };
		3EA6EBB62C50A1B900627C63 /* CameraView.swift in Sources */ = {isa = PBXBuildFile; fileRef = 3EA6EBB52C50A1B900627C63 /* CameraView.swift */; };
		3EA6EBB82C5117BD00627C63 /* DailyRoutineRow.swift in Sources */ = {isa = PBXBuildFile; fileRef = 3EA6EBB72C5117BD00627C63 /* DailyRoutineRow.swift */; };
		55A10B1B2C4E5960001728EF /* UserDefaultsManager.swift in Sources */ = {isa = PBXBuildFile; fileRef = 55A10B192C4E5960001728EF /* UserDefaultsManager.swift */; };
		55A10B1D2C4E5997001728EF /* SimpleOnboardingView.swift in Sources */ = {isa = PBXBuildFile; fileRef = 55A10B1C2C4E5997001728EF /* SimpleOnboardingView.swift */; };
		55A10B202C4F76C5001728EF /* LoginView.swift in Sources */ = {isa = PBXBuildFile; fileRef = 55A10B1F2C4F76C5001728EF /* LoginView.swift */; };
		55A10B222C4F8A8C001728EF /* AllowNotificationView.swift in Sources */ = {isa = PBXBuildFile; fileRef = 55A10B212C4F8A8C001728EF /* AllowNotificationView.swift */; };
		55A10B262C50A1E2001728EF /* CreateGroupSpaceView.swift in Sources */ = {isa = PBXBuildFile; fileRef = 55A10B252C50A1E2001728EF /* CreateGroupSpaceView.swift */; };
		55A10B282C50C506001728EF /* VIPInfoEntryView.swift in Sources */ = {isa = PBXBuildFile; fileRef = 55A10B272C50C506001728EF /* VIPInfoEntryView.swift */; };
		55A10B2A2C50FFAD001728EF /* UserInfoEntryView.swift in Sources */ = {isa = PBXBuildFile; fileRef = 55A10B292C50FFAD001728EF /* UserInfoEntryView.swift */; };
		55A10B2C2C510475001728EF /* CustomTextFieldView.swift in Sources */ = {isa = PBXBuildFile; fileRef = 55A10B2B2C510475001728EF /* CustomTextFieldView.swift */; };
		55A10B2E2C5115BF001728EF /* CustomDropdownView.swift in Sources */ = {isa = PBXBuildFile; fileRef = 55A10B2D2C5115BF001728EF /* CustomDropdownView.swift */; };
		55A10B302C5119AB001728EF /* ProfileRegisterView.swift in Sources */ = {isa = PBXBuildFile; fileRef = 55A10B2F2C5119AB001728EF /* ProfileRegisterView.swift */; };
		BE06A0E42C44F2C0008D3C03 /* Color+Extensions.swift in Sources */ = {isa = PBXBuildFile; fileRef = BE06A0E32C44F2C0008D3C03 /* Color+Extensions.swift */; };
		BE3E4FF52C460F6B003EC4E1 /* MemoryCardModel.swift in Sources */ = {isa = PBXBuildFile; fileRef = BE3E4FF42C460F6B003EC4E1 /* MemoryCardModel.swift */; };
		BE3E4FF82C460F88003EC4E1 /* Alamofire in Frameworks */ = {isa = PBXBuildFile; productRef = BE3E4FF72C460F88003EC4E1 /* Alamofire */; };
		BE3E4FFC2C460F9D003EC4E1 /* MemoryCardService.swift in Sources */ = {isa = PBXBuildFile; fileRef = BE3E4FFB2C460F9D003EC4E1 /* MemoryCardService.swift */; };
		BE3E4FFE2C461062003EC4E1 /* MemoryCardsView.swift in Sources */ = {isa = PBXBuildFile; fileRef = BE3E4FFD2C461062003EC4E1 /* MemoryCardsView.swift */; };
		BE3E50012C461BED003EC4E1 /* Kingfisher in Frameworks */ = {isa = PBXBuildFile; productRef = BE3E50002C461BED003EC4E1 /* Kingfisher */; };
		BE3E50032C461C16003EC4E1 /* MemoryCardDetailView.swift in Sources */ = {isa = PBXBuildFile; fileRef = BE3E50022C461C16003EC4E1 /* MemoryCardDetailView.swift */; };
		BE3E50052C4657A1003EC4E1 /* MemoryCardViewModel.swift in Sources */ = {isa = PBXBuildFile; fileRef = BE3E50042C4657A1003EC4E1 /* MemoryCardViewModel.swift */; };
		BE3E50082C466BDB003EC4E1 /* MemoryCardView.swift in Sources */ = {isa = PBXBuildFile; fileRef = BE3E50072C466BDB003EC4E1 /* MemoryCardView.swift */; };
		BE3E500A2C468276003EC4E1 /* View+Extensions.swift in Sources */ = {isa = PBXBuildFile; fileRef = BE3E50092C468276003EC4E1 /* View+Extensions.swift */; };
		BE96B7E72C473337003C41F9 /* FormatManager.swift in Sources */ = {isa = PBXBuildFile; fileRef = BE96B7E62C473337003C41F9 /* FormatManager.swift */; };
		BE96B7E92C477FAF003C41F9 /* SearchBarView.swift in Sources */ = {isa = PBXBuildFile; fileRef = BE96B7E82C477FAF003C41F9 /* SearchBarView.swift */; };
		BE96B7EB2C478040003C41F9 /* UIApplication+Extensions.swift in Sources */ = {isa = PBXBuildFile; fileRef = BE96B7EA2C478040003C41F9 /* UIApplication+Extensions.swift */; };
		BE96B7F72C47986C003C41F9 /* Pretendard-Black.ttf in Resources */ = {isa = PBXBuildFile; fileRef = BE96B7ED2C47986C003C41F9 /* Pretendard-Black.ttf */; };
		BE96B7F82C47986C003C41F9 /* Pretendard-Bold.ttf in Resources */ = {isa = PBXBuildFile; fileRef = BE96B7EE2C47986C003C41F9 /* Pretendard-Bold.ttf */; };
		BE96B7F92C47986C003C41F9 /* Pretendard-ExtraBold.ttf in Resources */ = {isa = PBXBuildFile; fileRef = BE96B7EF2C47986C003C41F9 /* Pretendard-ExtraBold.ttf */; };
		BE96B7FA2C47986C003C41F9 /* Pretendard-ExtraLight.ttf in Resources */ = {isa = PBXBuildFile; fileRef = BE96B7F02C47986C003C41F9 /* Pretendard-ExtraLight.ttf */; };
		BE96B7FB2C47986C003C41F9 /* Pretendard-Light.ttf in Resources */ = {isa = PBXBuildFile; fileRef = BE96B7F12C47986C003C41F9 /* Pretendard-Light.ttf */; };
		BE96B7FC2C47986C003C41F9 /* Pretendard-Medium.ttf in Resources */ = {isa = PBXBuildFile; fileRef = BE96B7F22C47986C003C41F9 /* Pretendard-Medium.ttf */; };
		BE96B7FD2C47986C003C41F9 /* Pretendard-Regular.ttf in Resources */ = {isa = PBXBuildFile; fileRef = BE96B7F32C47986C003C41F9 /* Pretendard-Regular.ttf */; };
		BE96B7FE2C47986C003C41F9 /* Pretendard-SemiBold.ttf in Resources */ = {isa = PBXBuildFile; fileRef = BE96B7F42C47986C003C41F9 /* Pretendard-SemiBold.ttf */; };
		BE96B7FF2C47986C003C41F9 /* Pretendard-Thin.ttf in Resources */ = {isa = PBXBuildFile; fileRef = BE96B7F52C47986C003C41F9 /* Pretendard-Thin.ttf */; };
		BE96B8012C4798A3003C41F9 /* Font+Extensions.swift in Sources */ = {isa = PBXBuildFile; fileRef = BE96B8002C4798A3003C41F9 /* Font+Extensions.swift */; };
		BE96B8032C479DC7003C41F9 /* MemoryChatView.swift in Sources */ = {isa = PBXBuildFile; fileRef = BE96B8022C479DC7003C41F9 /* MemoryChatView.swift */; };
		BE99A1892C44AA230011F371 /* HarmonyApp.swift in Sources */ = {isa = PBXBuildFile; fileRef = BE99A1882C44AA230011F371 /* HarmonyApp.swift */; };
		BE99A18B2C44AA230011F371 /* ContentView.swift in Sources */ = {isa = PBXBuildFile; fileRef = BE99A18A2C44AA230011F371 /* ContentView.swift */; };
		BE99A18D2C44AA250011F371 /* Assets.xcassets in Resources */ = {isa = PBXBuildFile; fileRef = BE99A18C2C44AA250011F371 /* Assets.xcassets */; };
		BE99A1902C44AA250011F371 /* Preview Assets.xcassets in Resources */ = {isa = PBXBuildFile; fileRef = BE99A18F2C44AA250011F371 /* Preview Assets.xcassets */; };
		BEA2AA822C4F8D500033AAEF /* MemoryCardRecordView.swift in Sources */ = {isa = PBXBuildFile; fileRef = BEA2AA812C4F8D500033AAEF /* MemoryCardRecordView.swift */; };
		BEA2AA842C4F91920033AAEF /* WaveFormView.swift in Sources */ = {isa = PBXBuildFile; fileRef = BEA2AA832C4F91920033AAEF /* WaveFormView.swift */; };
		C49DBE152C4FADDE00B1A87D /* QuestionCardModel.swift in Sources */ = {isa = PBXBuildFile; fileRef = C49DBE142C4FADDE00B1A87D /* QuestionCardModel.swift */; };
		C49DBE172C4FADFE00B1A87D /* QuestionCardViewModel.swift in Sources */ = {isa = PBXBuildFile; fileRef = C49DBE162C4FADFE00B1A87D /* QuestionCardViewModel.swift */; };
		C49DBE192C4FAE2E00B1A87D /* QuestionCardService.swift in Sources */ = {isa = PBXBuildFile; fileRef = C49DBE182C4FAE2E00B1A87D /* QuestionCardService.swift */; };
		C49DBE1C2C4FAE6C00B1A87D /* QuestionDetailView.swift in Sources */ = {isa = PBXBuildFile; fileRef = C49DBE1B2C4FAE6C00B1A87D /* QuestionDetailView.swift */; };
		C49DBE1E2C4FAE8300B1A87D /* AnswerView.swift in Sources */ = {isa = PBXBuildFile; fileRef = C49DBE1D2C4FAE8300B1A87D /* AnswerView.swift */; };
		C49DBE202C4FAEA100B1A87D /* AnswerEditView.swift in Sources */ = {isa = PBXBuildFile; fileRef = C49DBE1F2C4FAEA100B1A87D /* AnswerEditView.swift */; };
		C49DBE222C4FAEB700B1A87D /* CustomTextEditor.swift in Sources */ = {isa = PBXBuildFile; fileRef = C49DBE212C4FAEB700B1A87D /* CustomTextEditor.swift */; };
		C49DBE242C4FAECB00B1A87D /* QuestionListView.swift in Sources */ = {isa = PBXBuildFile; fileRef = C49DBE232C4FAECB00B1A87D /* QuestionListView.swift */; };
		C49DBE262C4FAEEE00B1A87D /* QuestionMainView.swift in Sources */ = {isa = PBXBuildFile; fileRef = C49DBE252C4FAEEE00B1A87D /* QuestionMainView.swift */; };
/* End PBXBuildFile section */

/* Begin PBXFileReference section */
		3E91E47C2C51E28600A6635D /* Secrets.xcconfig */ = {isa = PBXFileReference; lastKnownFileType = text.xcconfig; path = Secrets.xcconfig; sourceTree = "<group>"; };
		3EA6EBA02C4F489F00627C63 /* CustomTabBar.swift */ = {isa = PBXFileReference; fileEncoding = 4; lastKnownFileType = sourcecode.swift; path = CustomTabBar.swift; sourceTree = "<group>"; };
		3EA6EBA22C4F492900627C63 /* MainTabView.swift */ = {isa = PBXFileReference; lastKnownFileType = sourcecode.swift; path = MainTabView.swift; sourceTree = "<group>"; };
		3EA6EBA42C4F495700627C63 /* HomeView.swift */ = {isa = PBXFileReference; lastKnownFileType = sourcecode.swift; path = HomeView.swift; sourceTree = "<group>"; };
		3EA6EBA72C4F497700627C63 /* RoutineView.swift */ = {isa = PBXFileReference; lastKnownFileType = sourcecode.swift; path = RoutineView.swift; sourceTree = "<group>"; };
		3EA6EBA92C4F724200627C63 /* RoutineModel.swift */ = {isa = PBXFileReference; lastKnownFileType = sourcecode.swift; path = RoutineModel.swift; sourceTree = "<group>"; };
		3EA6EBAB2C4F773F00627C63 /* RoutineViewModel.swift */ = {isa = PBXFileReference; lastKnownFileType = sourcecode.swift; path = RoutineViewModel.swift; sourceTree = "<group>"; };
		3EA6EBAD2C4F874300627C63 /* RoutineAddView.swift */ = {isa = PBXFileReference; lastKnownFileType = sourcecode.swift; path = RoutineAddView.swift; sourceTree = "<group>"; };
		3EA6EBAF2C4F98EB00627C63 /* RoutineManagementView.swift */ = {isa = PBXFileReference; lastKnownFileType = sourcecode.swift; path = RoutineManagementView.swift; sourceTree = "<group>"; };
		3EA6EBB12C5094CB00627C63 /* RoutineDetailView.swift */ = {isa = PBXFileReference; lastKnownFileType = sourcecode.swift; path = RoutineDetailView.swift; sourceTree = "<group>"; };
		3EA6EBB32C509DDB00627C63 /* RoutineProvingView.swift */ = {isa = PBXFileReference; lastKnownFileType = sourcecode.swift; path = RoutineProvingView.swift; sourceTree = "<group>"; };
		3EA6EBB52C50A1B900627C63 /* CameraView.swift */ = {isa = PBXFileReference; lastKnownFileType = sourcecode.swift; path = CameraView.swift; sourceTree = "<group>"; };
		3EA6EBB72C5117BD00627C63 /* DailyRoutineRow.swift */ = {isa = PBXFileReference; lastKnownFileType = sourcecode.swift; path = DailyRoutineRow.swift; sourceTree = "<group>"; };
		55A10B192C4E5960001728EF /* UserDefaultsManager.swift */ = {isa = PBXFileReference; lastKnownFileType = sourcecode.swift; path = UserDefaultsManager.swift; sourceTree = "<group>"; };
		55A10B1C2C4E5997001728EF /* SimpleOnboardingView.swift */ = {isa = PBXFileReference; lastKnownFileType = sourcecode.swift; path = SimpleOnboardingView.swift; sourceTree = "<group>"; };
		55A10B1F2C4F76C5001728EF /* LoginView.swift */ = {isa = PBXFileReference; lastKnownFileType = sourcecode.swift; path = LoginView.swift; sourceTree = "<group>"; };
		55A10B212C4F8A8C001728EF /* AllowNotificationView.swift */ = {isa = PBXFileReference; lastKnownFileType = sourcecode.swift; path = AllowNotificationView.swift; sourceTree = "<group>"; };
		55A10B232C4F94C8001728EF /* Info.plist */ = {isa = PBXFileReference; lastKnownFileType = text.plist; path = Info.plist; sourceTree = "<group>"; };
		55A10B252C50A1E2001728EF /* CreateGroupSpaceView.swift */ = {isa = PBXFileReference; lastKnownFileType = sourcecode.swift; path = CreateGroupSpaceView.swift; sourceTree = "<group>"; };
		55A10B272C50C506001728EF /* VIPInfoEntryView.swift */ = {isa = PBXFileReference; lastKnownFileType = sourcecode.swift; path = VIPInfoEntryView.swift; sourceTree = "<group>"; };
		55A10B292C50FFAD001728EF /* UserInfoEntryView.swift */ = {isa = PBXFileReference; lastKnownFileType = sourcecode.swift; path = UserInfoEntryView.swift; sourceTree = "<group>"; };
		55A10B2B2C510475001728EF /* CustomTextFieldView.swift */ = {isa = PBXFileReference; lastKnownFileType = sourcecode.swift; path = CustomTextFieldView.swift; sourceTree = "<group>"; };
		55A10B2D2C5115BF001728EF /* CustomDropdownView.swift */ = {isa = PBXFileReference; lastKnownFileType = sourcecode.swift; path = CustomDropdownView.swift; sourceTree = "<group>"; };
		55A10B2F2C5119AB001728EF /* ProfileRegisterView.swift */ = {isa = PBXFileReference; lastKnownFileType = sourcecode.swift; path = ProfileRegisterView.swift; sourceTree = "<group>"; };
		BE06A0E32C44F2C0008D3C03 /* Color+Extensions.swift */ = {isa = PBXFileReference; lastKnownFileType = sourcecode.swift; path = "Color+Extensions.swift"; sourceTree = "<group>"; };
		BE3E4FF42C460F6B003EC4E1 /* MemoryCardModel.swift */ = {isa = PBXFileReference; lastKnownFileType = sourcecode.swift; path = MemoryCardModel.swift; sourceTree = "<group>"; };
		BE3E4FFB2C460F9D003EC4E1 /* MemoryCardService.swift */ = {isa = PBXFileReference; lastKnownFileType = sourcecode.swift; path = MemoryCardService.swift; sourceTree = "<group>"; };
		BE3E4FFD2C461062003EC4E1 /* MemoryCardsView.swift */ = {isa = PBXFileReference; lastKnownFileType = sourcecode.swift; path = MemoryCardsView.swift; sourceTree = "<group>"; };
		BE3E50022C461C16003EC4E1 /* MemoryCardDetailView.swift */ = {isa = PBXFileReference; lastKnownFileType = sourcecode.swift; path = MemoryCardDetailView.swift; sourceTree = "<group>"; };
		BE3E50042C4657A1003EC4E1 /* MemoryCardViewModel.swift */ = {isa = PBXFileReference; lastKnownFileType = sourcecode.swift; path = MemoryCardViewModel.swift; sourceTree = "<group>"; };
		BE3E50072C466BDB003EC4E1 /* MemoryCardView.swift */ = {isa = PBXFileReference; lastKnownFileType = sourcecode.swift; path = MemoryCardView.swift; sourceTree = "<group>"; };
		BE3E50092C468276003EC4E1 /* View+Extensions.swift */ = {isa = PBXFileReference; lastKnownFileType = sourcecode.swift; path = "View+Extensions.swift"; sourceTree = "<group>"; };
		BE96B7E62C473337003C41F9 /* FormatManager.swift */ = {isa = PBXFileReference; lastKnownFileType = sourcecode.swift; path = FormatManager.swift; sourceTree = "<group>"; };
		BE96B7E82C477FAF003C41F9 /* SearchBarView.swift */ = {isa = PBXFileReference; lastKnownFileType = sourcecode.swift; path = SearchBarView.swift; sourceTree = "<group>"; };
		BE96B7EA2C478040003C41F9 /* UIApplication+Extensions.swift */ = {isa = PBXFileReference; lastKnownFileType = sourcecode.swift; path = "UIApplication+Extensions.swift"; sourceTree = "<group>"; };
		BE96B7ED2C47986C003C41F9 /* Pretendard-Black.ttf */ = {isa = PBXFileReference; lastKnownFileType = file; path = "Pretendard-Black.ttf"; sourceTree = "<group>"; };
		BE96B7EE2C47986C003C41F9 /* Pretendard-Bold.ttf */ = {isa = PBXFileReference; lastKnownFileType = file; path = "Pretendard-Bold.ttf"; sourceTree = "<group>"; };
		BE96B7EF2C47986C003C41F9 /* Pretendard-ExtraBold.ttf */ = {isa = PBXFileReference; lastKnownFileType = file; path = "Pretendard-ExtraBold.ttf"; sourceTree = "<group>"; };
		BE96B7F02C47986C003C41F9 /* Pretendard-ExtraLight.ttf */ = {isa = PBXFileReference; lastKnownFileType = file; path = "Pretendard-ExtraLight.ttf"; sourceTree = "<group>"; };
		BE96B7F12C47986C003C41F9 /* Pretendard-Light.ttf */ = {isa = PBXFileReference; lastKnownFileType = file; path = "Pretendard-Light.ttf"; sourceTree = "<group>"; };
		BE96B7F22C47986C003C41F9 /* Pretendard-Medium.ttf */ = {isa = PBXFileReference; lastKnownFileType = file; path = "Pretendard-Medium.ttf"; sourceTree = "<group>"; };
		BE96B7F32C47986C003C41F9 /* Pretendard-Regular.ttf */ = {isa = PBXFileReference; lastKnownFileType = file; path = "Pretendard-Regular.ttf"; sourceTree = "<group>"; };
		BE96B7F42C47986C003C41F9 /* Pretendard-SemiBold.ttf */ = {isa = PBXFileReference; lastKnownFileType = file; path = "Pretendard-SemiBold.ttf"; sourceTree = "<group>"; };
		BE96B7F52C47986C003C41F9 /* Pretendard-Thin.ttf */ = {isa = PBXFileReference; lastKnownFileType = file; path = "Pretendard-Thin.ttf"; sourceTree = "<group>"; };
		BE96B8002C4798A3003C41F9 /* Font+Extensions.swift */ = {isa = PBXFileReference; fileEncoding = 4; lastKnownFileType = sourcecode.swift; path = "Font+Extensions.swift"; sourceTree = "<group>"; };
		BE96B8022C479DC7003C41F9 /* MemoryChatView.swift */ = {isa = PBXFileReference; lastKnownFileType = sourcecode.swift; path = MemoryChatView.swift; sourceTree = "<group>"; };
		BE99A1852C44AA230011F371 /* Harmony.app */ = {isa = PBXFileReference; explicitFileType = wrapper.application; includeInIndex = 0; path = Harmony.app; sourceTree = BUILT_PRODUCTS_DIR; };
		BE99A1882C44AA230011F371 /* HarmonyApp.swift */ = {isa = PBXFileReference; lastKnownFileType = sourcecode.swift; path = HarmonyApp.swift; sourceTree = "<group>"; };
		BE99A18A2C44AA230011F371 /* ContentView.swift */ = {isa = PBXFileReference; lastKnownFileType = sourcecode.swift; path = ContentView.swift; sourceTree = "<group>"; };
		BE99A18C2C44AA250011F371 /* Assets.xcassets */ = {isa = PBXFileReference; lastKnownFileType = folder.assetcatalog; path = Assets.xcassets; sourceTree = "<group>"; };
		BE99A18F2C44AA250011F371 /* Preview Assets.xcassets */ = {isa = PBXFileReference; lastKnownFileType = folder.assetcatalog; path = "Preview Assets.xcassets"; sourceTree = "<group>"; };
		BEA2AA812C4F8D500033AAEF /* MemoryCardRecordView.swift */ = {isa = PBXFileReference; lastKnownFileType = sourcecode.swift; path = MemoryCardRecordView.swift; sourceTree = "<group>"; };
		BEA2AA832C4F91920033AAEF /* WaveFormView.swift */ = {isa = PBXFileReference; lastKnownFileType = sourcecode.swift; path = WaveFormView.swift; sourceTree = "<group>"; };
		C49DBE142C4FADDE00B1A87D /* QuestionCardModel.swift */ = {isa = PBXFileReference; lastKnownFileType = sourcecode.swift; path = QuestionCardModel.swift; sourceTree = "<group>"; };
		C49DBE162C4FADFE00B1A87D /* QuestionCardViewModel.swift */ = {isa = PBXFileReference; lastKnownFileType = sourcecode.swift; path = QuestionCardViewModel.swift; sourceTree = "<group>"; };
		C49DBE182C4FAE2E00B1A87D /* QuestionCardService.swift */ = {isa = PBXFileReference; lastKnownFileType = sourcecode.swift; path = QuestionCardService.swift; sourceTree = "<group>"; };
		C49DBE1B2C4FAE6C00B1A87D /* QuestionDetailView.swift */ = {isa = PBXFileReference; lastKnownFileType = sourcecode.swift; path = QuestionDetailView.swift; sourceTree = "<group>"; };
		C49DBE1D2C4FAE8300B1A87D /* AnswerView.swift */ = {isa = PBXFileReference; lastKnownFileType = sourcecode.swift; path = AnswerView.swift; sourceTree = "<group>"; };
		C49DBE1F2C4FAEA100B1A87D /* AnswerEditView.swift */ = {isa = PBXFileReference; lastKnownFileType = sourcecode.swift; path = AnswerEditView.swift; sourceTree = "<group>"; };
		C49DBE212C4FAEB700B1A87D /* CustomTextEditor.swift */ = {isa = PBXFileReference; lastKnownFileType = sourcecode.swift; path = CustomTextEditor.swift; sourceTree = "<group>"; };
		C49DBE232C4FAECB00B1A87D /* QuestionListView.swift */ = {isa = PBXFileReference; lastKnownFileType = sourcecode.swift; path = QuestionListView.swift; sourceTree = "<group>"; };
		C49DBE252C4FAEEE00B1A87D /* QuestionMainView.swift */ = {isa = PBXFileReference; lastKnownFileType = sourcecode.swift; path = QuestionMainView.swift; sourceTree = "<group>"; };
/* End PBXFileReference section */

/* Begin PBXFrameworksBuildPhase section */
		BE99A1822C44AA230011F371 /* Frameworks */ = {
			isa = PBXFrameworksBuildPhase;
			buildActionMask = 2147483647;
			files = (
				BE3E50012C461BED003EC4E1 /* Kingfisher in Frameworks */,
				BE3E4FF82C460F88003EC4E1 /* Alamofire in Frameworks */,
			);
			runOnlyForDeploymentPostprocessing = 0;
		};
/* End PBXFrameworksBuildPhase section */

/* Begin PBXGroup section */
		3EA6EB9F2C4F488D00627C63 /* Common */ = {
			isa = PBXGroup;
			children = (
				BE96B7E82C477FAF003C41F9 /* SearchBarView.swift */,
				55A10B2B2C510475001728EF /* CustomTextFieldView.swift */,
				C49DBE212C4FAEB700B1A87D /* CustomTextEditor.swift */,
				3EA6EBA02C4F489F00627C63 /* CustomTabBar.swift */,
				3EA6EBB52C50A1B900627C63 /* CameraView.swift */,
				55A10B2D2C5115BF001728EF /* CustomDropdownView.swift */,
			);
			path = Common;
			sourceTree = "<group>";
		};
		3EA6EBA62C4F496A00627C63 /* Routine */ = {
			isa = PBXGroup;
			children = (
				3EA6EBA72C4F497700627C63 /* RoutineView.swift */,
				3EA6EBAF2C4F98EB00627C63 /* RoutineManagementView.swift */,
				3EA6EBAD2C4F874300627C63 /* RoutineAddView.swift */,
				3EA6EBB12C5094CB00627C63 /* RoutineDetailView.swift */,
				3EA6EBB32C509DDB00627C63 /* RoutineProvingView.swift */,
				3EA6EBB72C5117BD00627C63 /* DailyRoutineRow.swift */,
			);
			path = Routine;
			sourceTree = "<group>";
		};
		55A10B1A2C4E5960001728EF /* Manager */ = {
			isa = PBXGroup;
			children = (
				BE96B7E62C473337003C41F9 /* FormatManager.swift */,
				55A10B192C4E5960001728EF /* UserDefaultsManager.swift */,
			);
			path = Manager;
			sourceTree = "<group>";
		};
		55A10B1E2C4F75BC001728EF /* Onboarding */ = {
			isa = PBXGroup;
			children = (
				55A10B212C4F8A8C001728EF /* AllowNotificationView.swift */,
				55A10B252C50A1E2001728EF /* CreateGroupSpaceView.swift */,
				55A10B272C50C506001728EF /* VIPInfoEntryView.swift */,
				55A10B292C50FFAD001728EF /* UserInfoEntryView.swift */,
				55A10B1C2C4E5997001728EF /* SimpleOnboardingView.swift */,
				55A10B2F2C5119AB001728EF /* ProfileRegisterView.swift */,
			);
			path = Onboarding;
			sourceTree = "<group>";
		};
		55A10B242C4FB97A001728EF /* Auth */ = {
			isa = PBXGroup;
			children = (
				55A10B1F2C4F76C5001728EF /* LoginView.swift */,
			);
			path = Auth;
			sourceTree = "<group>";
		};
		BE06A0D82C44F168008D3C03 /* Config */ = {
			isa = PBXGroup;
			children = (
			);
			path = Config;
			sourceTree = "<group>";
		};
		BE06A0D92C44F18F008D3C03 /* Services */ = {
			isa = PBXGroup;
			children = (
				BE3E4FFB2C460F9D003EC4E1 /* MemoryCardService.swift */,
				C49DBE182C4FAE2E00B1A87D /* QuestionCardService.swift */,
			);
			path = Services;
			sourceTree = "<group>";
		};
		BE06A0DA2C44F19E008D3C03 /* Utilities */ = {
			isa = PBXGroup;
			children = (
				BE06A0DB2C44F1A9008D3C03 /* Extensions */,
				BE06A0DD2C44F1BA008D3C03 /* Helpers */,
			);
			path = Utilities;
			sourceTree = "<group>";
		};
		BE06A0DB2C44F1A9008D3C03 /* Extensions */ = {
			isa = PBXGroup;
			children = (
				BE96B8002C4798A3003C41F9 /* Font+Extensions.swift */,
				BE06A0E32C44F2C0008D3C03 /* Color+Extensions.swift */,
				BE3E50092C468276003EC4E1 /* View+Extensions.swift */,
				BE96B7EA2C478040003C41F9 /* UIApplication+Extensions.swift */,
			);
			path = Extensions;
			sourceTree = "<group>";
		};
		BE06A0DD2C44F1BA008D3C03 /* Helpers */ = {
			isa = PBXGroup;
			children = (
			);
			path = Helpers;
			sourceTree = "<group>";
		};
		BE06A0DE2C44F212008D3C03 /* Views */ = {
			isa = PBXGroup;
			children = (
				C49DBE1A2C4FAE5500B1A87D /* QuestionCard */,
				3EA6EBA62C4F496A00627C63 /* Routine */,
				BE3E50062C466BB3003EC4E1 /* MemoryCard */,
				55A10B1E2C4F75BC001728EF /* Onboarding */,
				55A10B242C4FB97A001728EF /* Auth */,
				3EA6EB9F2C4F488D00627C63 /* Common */,
				BE06A0E02C44F24E008D3C03 /* LaunchScreen */,
				BE06A0E12C44F258008D3C03 /* Home */,
				BE06A0E22C44F263008D3C03 /* Profile */,
			);
			path = Views;
			sourceTree = "<group>";
		};
		BE06A0E02C44F24E008D3C03 /* LaunchScreen */ = {
			isa = PBXGroup;
			children = (
			);
			path = LaunchScreen;
			sourceTree = "<group>";
		};
		BE06A0E12C44F258008D3C03 /* Home */ = {
			isa = PBXGroup;
			children = (
				3EA6EBA42C4F495700627C63 /* HomeView.swift */,
			);
			path = Home;
			sourceTree = "<group>";
		};
		BE06A0E22C44F263008D3C03 /* Profile */ = {
			isa = PBXGroup;
			children = (
			);
			path = Profile;
			sourceTree = "<group>";
		};
		BE3E50062C466BB3003EC4E1 /* MemoryCard */ = {
			isa = PBXGroup;
			children = (
				BE3E50022C461C16003EC4E1 /* MemoryCardDetailView.swift */,
				BE3E4FFD2C461062003EC4E1 /* MemoryCardsView.swift */,
				BE3E50072C466BDB003EC4E1 /* MemoryCardView.swift */,
				BE96B8022C479DC7003C41F9 /* MemoryChatView.swift */,
				BEA2AA812C4F8D500033AAEF /* MemoryCardRecordView.swift */,
				BEA2AA832C4F91920033AAEF /* WaveFormView.swift */,
			);
			path = MemoryCard;
			sourceTree = "<group>";
		};
		BE96B7EC2C479826003C41F9 /* Resources */ = {
			isa = PBXGroup;
			children = (
				BE96B7F62C47986C003C41F9 /* font */,
			);
			path = Resources;
			sourceTree = "<group>";
		};
		BE96B7F62C47986C003C41F9 /* font */ = {
			isa = PBXGroup;
			children = (
				BE96B7ED2C47986C003C41F9 /* Pretendard-Black.ttf */,
				BE96B7EE2C47986C003C41F9 /* Pretendard-Bold.ttf */,
				BE96B7EF2C47986C003C41F9 /* Pretendard-ExtraBold.ttf */,
				BE96B7F02C47986C003C41F9 /* Pretendard-ExtraLight.ttf */,
				BE96B7F12C47986C003C41F9 /* Pretendard-Light.ttf */,
				BE96B7F22C47986C003C41F9 /* Pretendard-Medium.ttf */,
				BE96B7F32C47986C003C41F9 /* Pretendard-Regular.ttf */,
				BE96B7F42C47986C003C41F9 /* Pretendard-SemiBold.ttf */,
				BE96B7F52C47986C003C41F9 /* Pretendard-Thin.ttf */,
			);
			path = font;
			sourceTree = "<group>";
		};
		BE99A17C2C44AA230011F371 = {
			isa = PBXGroup;
			children = (
				BE99A1872C44AA230011F371 /* Harmony */,
				BE99A1862C44AA230011F371 /* Products */,
			);
			sourceTree = "<group>";
		};
		BE99A1862C44AA230011F371 /* Products */ = {
			isa = PBXGroup;
			children = (
				BE99A1852C44AA230011F371 /* Harmony.app */,
			);
			name = Products;
			sourceTree = "<group>";
		};
		BE99A1872C44AA230011F371 /* Harmony */ = {
			isa = PBXGroup;
			children = (
				55A10B232C4F94C8001728EF /* Info.plist */,
				3E91E47C2C51E28600A6635D /* Secrets.xcconfig */,
				BE99A1882C44AA230011F371 /* HarmonyApp.swift */,
				BE99A18A2C44AA230011F371 /* ContentView.swift */,
				3EA6EBA22C4F492900627C63 /* MainTabView.swift */,
				BE96B7EC2C479826003C41F9 /* Resources */,
				BE06A0DA2C44F19E008D3C03 /* Utilities */,
				BE06A0D92C44F18F008D3C03 /* Services */,
				55A10B1A2C4E5960001728EF /* Manager */,
				BE06A0D82C44F168008D3C03 /* Config */,
				BE99A1992C44F1020011F371 /* Models */,
				BE99A1972C44EE700011F371 /* ViewModels */,
				BE06A0DE2C44F212008D3C03 /* Views */,
				BE99A18C2C44AA250011F371 /* Assets.xcassets */,
				BE99A18E2C44AA250011F371 /* Preview Content */,
			);
			path = Harmony;
			sourceTree = "<group>";
		};
		BE99A18E2C44AA250011F371 /* Preview Content */ = {
			isa = PBXGroup;
			children = (
				BE99A18F2C44AA250011F371 /* Preview Assets.xcassets */,
			);
			path = "Preview Content";
			sourceTree = "<group>";
		};
		BE99A1972C44EE700011F371 /* ViewModels */ = {
			isa = PBXGroup;
			children = (
				BE3E50042C4657A1003EC4E1 /* MemoryCardViewModel.swift */,
				C49DBE162C4FADFE00B1A87D /* QuestionCardViewModel.swift */,
				3EA6EBAB2C4F773F00627C63 /* RoutineViewModel.swift */,
			);
			path = ViewModels;
			sourceTree = "<group>";
		};
		BE99A1992C44F1020011F371 /* Models */ = {
			isa = PBXGroup;
			children = (
				BE3E4FF42C460F6B003EC4E1 /* MemoryCardModel.swift */,
				C49DBE142C4FADDE00B1A87D /* QuestionCardModel.swift */,
				3EA6EBA92C4F724200627C63 /* RoutineModel.swift */,
			);
			path = Models;
			sourceTree = "<group>";
		};
		C49DBE1A2C4FAE5500B1A87D /* QuestionCard */ = {
			isa = PBXGroup;
			children = (
				C49DBE1B2C4FAE6C00B1A87D /* QuestionDetailView.swift */,
				C49DBE1D2C4FAE8300B1A87D /* AnswerView.swift */,
				C49DBE1F2C4FAEA100B1A87D /* AnswerEditView.swift */,
				C49DBE232C4FAECB00B1A87D /* QuestionListView.swift */,
				C49DBE252C4FAEEE00B1A87D /* QuestionMainView.swift */,
			);
			path = QuestionCard;
			sourceTree = "<group>";
		};
/* End PBXGroup section */

/* Begin PBXNativeTarget section */
		BE99A1842C44AA230011F371 /* Harmony */ = {
			isa = PBXNativeTarget;
			buildConfigurationList = BE99A1932C44AA250011F371 /* Build configuration list for PBXNativeTarget "Harmony" */;
			buildPhases = (
				BE99A1812C44AA230011F371 /* Sources */,
				BE99A1822C44AA230011F371 /* Frameworks */,
				BE99A1832C44AA230011F371 /* Resources */,
			);
			buildRules = (
			);
			dependencies = (
			);
			name = Harmony;
			packageProductDependencies = (
				BE3E4FF72C460F88003EC4E1 /* Alamofire */,
				BE3E50002C461BED003EC4E1 /* Kingfisher */,
			);
			productName = Harmony;
			productReference = BE99A1852C44AA230011F371 /* Harmony.app */;
			productType = "com.apple.product-type.application";
		};
/* End PBXNativeTarget section */

/* Begin PBXProject section */
		BE99A17D2C44AA230011F371 /* Project object */ = {
			isa = PBXProject;
			attributes = {
				BuildIndependentTargetsInParallel = 1;
				LastSwiftUpdateCheck = 1530;
				LastUpgradeCheck = 1530;
				TargetAttributes = {
					BE99A1842C44AA230011F371 = {
						CreatedOnToolsVersion = 15.3;
					};
				};
			};
			buildConfigurationList = BE99A1802C44AA230011F371 /* Build configuration list for PBXProject "Harmony" */;
			compatibilityVersion = "Xcode 14.0";
			developmentRegion = en;
			hasScannedForEncodings = 0;
			knownRegions = (
				en,
				Base,
			);
			mainGroup = BE99A17C2C44AA230011F371;
			packageReferences = (
				BE3E4FF62C460F88003EC4E1 /* XCRemoteSwiftPackageReference "Alamofire" */,
				BE3E4FFF2C461BED003EC4E1 /* XCRemoteSwiftPackageReference "Kingfisher" */,
			);
			productRefGroup = BE99A1862C44AA230011F371 /* Products */;
			projectDirPath = "";
			projectRoot = "";
			targets = (
				BE99A1842C44AA230011F371 /* Harmony */,
			);
		};
/* End PBXProject section */

/* Begin PBXResourcesBuildPhase section */
		BE99A1832C44AA230011F371 /* Resources */ = {
			isa = PBXResourcesBuildPhase;
			buildActionMask = 2147483647;
			files = (
				BE96B7FC2C47986C003C41F9 /* Pretendard-Medium.ttf in Resources */,
				BE99A1902C44AA250011F371 /* Preview Assets.xcassets in Resources */,
				BE96B7FE2C47986C003C41F9 /* Pretendard-SemiBold.ttf in Resources */,
				BE99A18D2C44AA250011F371 /* Assets.xcassets in Resources */,
				BE96B7F92C47986C003C41F9 /* Pretendard-ExtraBold.ttf in Resources */,
				BE96B7FA2C47986C003C41F9 /* Pretendard-ExtraLight.ttf in Resources */,
				BE96B7FD2C47986C003C41F9 /* Pretendard-Regular.ttf in Resources */,
				BE96B7F82C47986C003C41F9 /* Pretendard-Bold.ttf in Resources */,
				BE96B7FF2C47986C003C41F9 /* Pretendard-Thin.ttf in Resources */,
				BE96B7F72C47986C003C41F9 /* Pretendard-Black.ttf in Resources */,
				BE96B7FB2C47986C003C41F9 /* Pretendard-Light.ttf in Resources */,
			);
			runOnlyForDeploymentPostprocessing = 0;
		};
/* End PBXResourcesBuildPhase section */

/* Begin PBXSourcesBuildPhase section */
		BE99A1812C44AA230011F371 /* Sources */ = {
			isa = PBXSourcesBuildPhase;
			buildActionMask = 2147483647;
			files = (
				3EA6EBB22C5094CC00627C63 /* RoutineDetailView.swift in Sources */,
				C49DBE202C4FAEA100B1A87D /* AnswerEditView.swift in Sources */,
				55A10B282C50C506001728EF /* VIPInfoEntryView.swift in Sources */,
				3EA6EBB02C4F98EB00627C63 /* RoutineManagementView.swift in Sources */,
				BE3E4FF52C460F6B003EC4E1 /* MemoryCardModel.swift in Sources */,
				BE99A18B2C44AA230011F371 /* ContentView.swift in Sources */,
				C49DBE1E2C4FAE8300B1A87D /* AnswerView.swift in Sources */,
				BE96B7E72C473337003C41F9 /* FormatManager.swift in Sources */,
				BEA2AA842C4F91920033AAEF /* WaveFormView.swift in Sources */,
				BE3E4FFC2C460F9D003EC4E1 /* MemoryCardService.swift in Sources */,
				3EA6EBB62C50A1B900627C63 /* CameraView.swift in Sources */,
				3EA6EBA12C4F489F00627C63 /* CustomTabBar.swift in Sources */,
				3EA6EBA32C4F492900627C63 /* MainTabView.swift in Sources */,
				3EA6EBAA2C4F724200627C63 /* RoutineModel.swift in Sources */,
				BE96B7EB2C478040003C41F9 /* UIApplication+Extensions.swift in Sources */,
				C49DBE262C4FAEEE00B1A87D /* QuestionMainView.swift in Sources */,
				C49DBE192C4FAE2E00B1A87D /* QuestionCardService.swift in Sources */,
				BE3E50082C466BDB003EC4E1 /* MemoryCardView.swift in Sources */,
				55A10B202C4F76C5001728EF /* LoginView.swift in Sources */,
				55A10B2C2C510475001728EF /* CustomTextFieldView.swift in Sources */,
				55A10B1D2C4E5997001728EF /* SimpleOnboardingView.swift in Sources */,
				55A10B1B2C4E5960001728EF /* UserDefaultsManager.swift in Sources */,
				BE96B7E92C477FAF003C41F9 /* SearchBarView.swift in Sources */,
				BE3E50052C4657A1003EC4E1 /* MemoryCardViewModel.swift in Sources */,
				BE3E50032C461C16003EC4E1 /* MemoryCardDetailView.swift in Sources */,
				C49DBE222C4FAEB700B1A87D /* CustomTextEditor.swift in Sources */,
				C49DBE152C4FADDE00B1A87D /* QuestionCardModel.swift in Sources */,
				3EA6EBAC2C4F773F00627C63 /* RoutineViewModel.swift in Sources */,
				3EA6EBA52C4F495700627C63 /* HomeView.swift in Sources */,
				C49DBE172C4FADFE00B1A87D /* QuestionCardViewModel.swift in Sources */,
				BE99A1892C44AA230011F371 /* HarmonyApp.swift in Sources */,
				3EA6EBB82C5117BD00627C63 /* DailyRoutineRow.swift in Sources */,
				55A10B302C5119AB001728EF /* ProfileRegisterView.swift in Sources */,
				55A10B2E2C5115BF001728EF /* CustomDropdownView.swift in Sources */,
				3EA6EBAE2C4F874300627C63 /* RoutineAddView.swift in Sources */,
				BE96B8032C479DC7003C41F9 /* MemoryChatView.swift in Sources */,
				55A10B222C4F8A8C001728EF /* AllowNotificationView.swift in Sources */,
				BE96B8012C4798A3003C41F9 /* Font+Extensions.swift in Sources */,
				C49DBE1C2C4FAE6C00B1A87D /* QuestionDetailView.swift in Sources */,
				3EA6EBB42C509DDB00627C63 /* RoutineProvingView.swift in Sources */,
				BE3E4FFE2C461062003EC4E1 /* MemoryCardsView.swift in Sources */,
				3EA6EBA82C4F497700627C63 /* RoutineView.swift in Sources */,
				C49DBE242C4FAECB00B1A87D /* QuestionListView.swift in Sources */,
				BE3E500A2C468276003EC4E1 /* View+Extensions.swift in Sources */,
				BEA2AA822C4F8D500033AAEF /* MemoryCardRecordView.swift in Sources */,
				BE06A0E42C44F2C0008D3C03 /* Color+Extensions.swift in Sources */,
				55A10B262C50A1E2001728EF /* CreateGroupSpaceView.swift in Sources */,
				55A10B2A2C50FFAD001728EF /* UserInfoEntryView.swift in Sources */,
			);
			runOnlyForDeploymentPostprocessing = 0;
		};
/* End PBXSourcesBuildPhase section */

/* Begin XCBuildConfiguration section */
		BE99A1912C44AA250011F371 /* Debug */ = {
			isa = XCBuildConfiguration;
			buildSettings = {
				ALWAYS_SEARCH_USER_PATHS = NO;
				ASSETCATALOG_COMPILER_GENERATE_SWIFT_ASSET_SYMBOL_EXTENSIONS = YES;
				CLANG_ANALYZER_NONNULL = YES;
				CLANG_ANALYZER_NUMBER_OBJECT_CONVERSION = YES_AGGRESSIVE;
				CLANG_CXX_LANGUAGE_STANDARD = "gnu++20";
				CLANG_ENABLE_MODULES = YES;
				CLANG_ENABLE_OBJC_ARC = YES;
				CLANG_ENABLE_OBJC_WEAK = YES;
				CLANG_WARN_BLOCK_CAPTURE_AUTORELEASING = YES;
				CLANG_WARN_BOOL_CONVERSION = YES;
				CLANG_WARN_COMMA = YES;
				CLANG_WARN_CONSTANT_CONVERSION = YES;
				CLANG_WARN_DEPRECATED_OBJC_IMPLEMENTATIONS = YES;
				CLANG_WARN_DIRECT_OBJC_ISA_USAGE = YES_ERROR;
				CLANG_WARN_DOCUMENTATION_COMMENTS = YES;
				CLANG_WARN_EMPTY_BODY = YES;
				CLANG_WARN_ENUM_CONVERSION = YES;
				CLANG_WARN_INFINITE_RECURSION = YES;
				CLANG_WARN_INT_CONVERSION = YES;
				CLANG_WARN_NON_LITERAL_NULL_CONVERSION = YES;
				CLANG_WARN_OBJC_IMPLICIT_RETAIN_SELF = YES;
				CLANG_WARN_OBJC_LITERAL_CONVERSION = YES;
				CLANG_WARN_OBJC_ROOT_CLASS = YES_ERROR;
				CLANG_WARN_QUOTED_INCLUDE_IN_FRAMEWORK_HEADER = YES;
				CLANG_WARN_RANGE_LOOP_ANALYSIS = YES;
				CLANG_WARN_STRICT_PROTOTYPES = YES;
				CLANG_WARN_SUSPICIOUS_MOVE = YES;
				CLANG_WARN_UNGUARDED_AVAILABILITY = YES_AGGRESSIVE;
				CLANG_WARN_UNREACHABLE_CODE = YES;
				CLANG_WARN__DUPLICATE_METHOD_MATCH = YES;
				COPY_PHASE_STRIP = NO;
				DEBUG_INFORMATION_FORMAT = dwarf;
				ENABLE_STRICT_OBJC_MSGSEND = YES;
				ENABLE_TESTABILITY = YES;
				ENABLE_USER_SCRIPT_SANDBOXING = YES;
				GCC_C_LANGUAGE_STANDARD = gnu17;
				GCC_DYNAMIC_NO_PIC = NO;
				GCC_NO_COMMON_BLOCKS = YES;
				GCC_OPTIMIZATION_LEVEL = 0;
				GCC_PREPROCESSOR_DEFINITIONS = (
					"DEBUG=1",
					"$(inherited)",
				);
				GCC_WARN_64_TO_32_BIT_CONVERSION = YES;
				GCC_WARN_ABOUT_RETURN_TYPE = YES_ERROR;
				GCC_WARN_UNDECLARED_SELECTOR = YES;
				GCC_WARN_UNINITIALIZED_AUTOS = YES_AGGRESSIVE;
				GCC_WARN_UNUSED_FUNCTION = YES;
				GCC_WARN_UNUSED_VARIABLE = YES;
				IPHONEOS_DEPLOYMENT_TARGET = 17.4;
				LOCALIZATION_PREFERS_STRING_CATALOGS = YES;
				MTL_ENABLE_DEBUG_INFO = INCLUDE_SOURCE;
				MTL_FAST_MATH = YES;
				ONLY_ACTIVE_ARCH = YES;
				SDKROOT = iphoneos;
				SWIFT_ACTIVE_COMPILATION_CONDITIONS = "DEBUG $(inherited)";
				SWIFT_OPTIMIZATION_LEVEL = "-Onone";
			};
			name = Debug;
		};
		BE99A1922C44AA250011F371 /* Release */ = {
			isa = XCBuildConfiguration;
			buildSettings = {
				ALWAYS_SEARCH_USER_PATHS = NO;
				ASSETCATALOG_COMPILER_GENERATE_SWIFT_ASSET_SYMBOL_EXTENSIONS = YES;
				CLANG_ANALYZER_NONNULL = YES;
				CLANG_ANALYZER_NUMBER_OBJECT_CONVERSION = YES_AGGRESSIVE;
				CLANG_CXX_LANGUAGE_STANDARD = "gnu++20";
				CLANG_ENABLE_MODULES = YES;
				CLANG_ENABLE_OBJC_ARC = YES;
				CLANG_ENABLE_OBJC_WEAK = YES;
				CLANG_WARN_BLOCK_CAPTURE_AUTORELEASING = YES;
				CLANG_WARN_BOOL_CONVERSION = YES;
				CLANG_WARN_COMMA = YES;
				CLANG_WARN_CONSTANT_CONVERSION = YES;
				CLANG_WARN_DEPRECATED_OBJC_IMPLEMENTATIONS = YES;
				CLANG_WARN_DIRECT_OBJC_ISA_USAGE = YES_ERROR;
				CLANG_WARN_DOCUMENTATION_COMMENTS = YES;
				CLANG_WARN_EMPTY_BODY = YES;
				CLANG_WARN_ENUM_CONVERSION = YES;
				CLANG_WARN_INFINITE_RECURSION = YES;
				CLANG_WARN_INT_CONVERSION = YES;
				CLANG_WARN_NON_LITERAL_NULL_CONVERSION = YES;
				CLANG_WARN_OBJC_IMPLICIT_RETAIN_SELF = YES;
				CLANG_WARN_OBJC_LITERAL_CONVERSION = YES;
				CLANG_WARN_OBJC_ROOT_CLASS = YES_ERROR;
				CLANG_WARN_QUOTED_INCLUDE_IN_FRAMEWORK_HEADER = YES;
				CLANG_WARN_RANGE_LOOP_ANALYSIS = YES;
				CLANG_WARN_STRICT_PROTOTYPES = YES;
				CLANG_WARN_SUSPICIOUS_MOVE = YES;
				CLANG_WARN_UNGUARDED_AVAILABILITY = YES_AGGRESSIVE;
				CLANG_WARN_UNREACHABLE_CODE = YES;
				CLANG_WARN__DUPLICATE_METHOD_MATCH = YES;
				COPY_PHASE_STRIP = NO;
				DEBUG_INFORMATION_FORMAT = "dwarf-with-dsym";
				ENABLE_NS_ASSERTIONS = NO;
				ENABLE_STRICT_OBJC_MSGSEND = YES;
				ENABLE_USER_SCRIPT_SANDBOXING = YES;
				GCC_C_LANGUAGE_STANDARD = gnu17;
				GCC_NO_COMMON_BLOCKS = YES;
				GCC_WARN_64_TO_32_BIT_CONVERSION = YES;
				GCC_WARN_ABOUT_RETURN_TYPE = YES_ERROR;
				GCC_WARN_UNDECLARED_SELECTOR = YES;
				GCC_WARN_UNINITIALIZED_AUTOS = YES_AGGRESSIVE;
				GCC_WARN_UNUSED_FUNCTION = YES;
				GCC_WARN_UNUSED_VARIABLE = YES;
				IPHONEOS_DEPLOYMENT_TARGET = 17.4;
				LOCALIZATION_PREFERS_STRING_CATALOGS = YES;
				MTL_ENABLE_DEBUG_INFO = NO;
				MTL_FAST_MATH = YES;
				SDKROOT = iphoneos;
				SWIFT_COMPILATION_MODE = wholemodule;
				VALIDATE_PRODUCT = YES;
			};
			name = Release;
		};
		BE99A1942C44AA250011F371 /* Debug */ = {
			isa = XCBuildConfiguration;
			buildSettings = {
				ASSETCATALOG_COMPILER_APPICON_NAME = AppIcon;
				ASSETCATALOG_COMPILER_GLOBAL_ACCENT_COLOR_NAME = AccentColor;
				CODE_SIGN_IDENTITY = "Apple Development";
				"CODE_SIGN_IDENTITY[sdk=iphoneos*]" = "iPhone Developer";
				CODE_SIGN_STYLE = Manual;
				CURRENT_PROJECT_VERSION = 1;
				DEVELOPMENT_ASSET_PATHS = "\"Harmony/Preview Content\"";
				DEVELOPMENT_TEAM = "";
				"DEVELOPMENT_TEAM[sdk=iphoneos*]" = CP9THWX4QS;
				ENABLE_PREVIEWS = YES;
				GENERATE_INFOPLIST_FILE = YES;
				INFOPLIST_FILE = Harmony/Info.plist;
				INFOPLIST_KEY_UIApplicationSceneManifest_Generation = YES;
				INFOPLIST_KEY_UIApplicationSupportsIndirectInputEvents = YES;
				INFOPLIST_KEY_UILaunchScreen_Generation = YES;
				INFOPLIST_KEY_UISupportedInterfaceOrientations_iPad = "UIInterfaceOrientationPortrait UIInterfaceOrientationPortraitUpsideDown UIInterfaceOrientationLandscapeLeft UIInterfaceOrientationLandscapeRight";
				INFOPLIST_KEY_UISupportedInterfaceOrientations_iPhone = "UIInterfaceOrientationPortrait UIInterfaceOrientationLandscapeLeft UIInterfaceOrientationLandscapeRight";
				IPHONEOS_DEPLOYMENT_TARGET = 16.0;
				LD_RUNPATH_SEARCH_PATHS = (
					"$(inherited)",
					"@executable_path/Frameworks",
				);
				MARKETING_VERSION = 1.0;
				PRODUCT_BUNDLE_IDENTIFIER = org.kibwa.patch.Harmony;
				PRODUCT_NAME = "$(TARGET_NAME)";
				PROVISIONING_PROFILE_SPECIFIER = "";
				"PROVISIONING_PROFILE_SPECIFIER[sdk=iphoneos*]" = Harmony_Development;
				SWIFT_EMIT_LOC_STRINGS = YES;
				SWIFT_VERSION = 5.0;
				TARGETED_DEVICE_FAMILY = "1,2";
			};
			name = Debug;
		};
		BE99A1952C44AA250011F371 /* Release */ = {
			isa = XCBuildConfiguration;
			buildSettings = {
				ASSETCATALOG_COMPILER_APPICON_NAME = AppIcon;
				ASSETCATALOG_COMPILER_GLOBAL_ACCENT_COLOR_NAME = AccentColor;
				CODE_SIGN_IDENTITY = "Apple Development";
				"CODE_SIGN_IDENTITY[sdk=iphoneos*]" = "iPhone Developer";
				CODE_SIGN_STYLE = Manual;
				CURRENT_PROJECT_VERSION = 1;
				DEVELOPMENT_ASSET_PATHS = "\"Harmony/Preview Content\"";
				DEVELOPMENT_TEAM = "";
				"DEVELOPMENT_TEAM[sdk=iphoneos*]" = CP9THWX4QS;
				ENABLE_PREVIEWS = YES;
				GENERATE_INFOPLIST_FILE = YES;
				INFOPLIST_FILE = Harmony/Info.plist;
				INFOPLIST_KEY_UIApplicationSceneManifest_Generation = YES;
				INFOPLIST_KEY_UIApplicationSupportsIndirectInputEvents = YES;
				INFOPLIST_KEY_UILaunchScreen_Generation = YES;
				INFOPLIST_KEY_UISupportedInterfaceOrientations_iPad = "UIInterfaceOrientationPortrait UIInterfaceOrientationPortraitUpsideDown UIInterfaceOrientationLandscapeLeft UIInterfaceOrientationLandscapeRight";
				INFOPLIST_KEY_UISupportedInterfaceOrientations_iPhone = "UIInterfaceOrientationPortrait UIInterfaceOrientationLandscapeLeft UIInterfaceOrientationLandscapeRight";
				IPHONEOS_DEPLOYMENT_TARGET = 16.0;
				LD_RUNPATH_SEARCH_PATHS = (
					"$(inherited)",
					"@executable_path/Frameworks",
				);
				MARKETING_VERSION = 1.0;
				PRODUCT_BUNDLE_IDENTIFIER = org.kibwa.patch.Harmony;
				PRODUCT_NAME = "$(TARGET_NAME)";
				PROVISIONING_PROFILE_SPECIFIER = "";
				"PROVISIONING_PROFILE_SPECIFIER[sdk=iphoneos*]" = Harmony_Development;
				SWIFT_EMIT_LOC_STRINGS = YES;
				SWIFT_VERSION = 5.0;
				TARGETED_DEVICE_FAMILY = "1,2";
			};
			name = Release;
		};
/* End XCBuildConfiguration section */

/* Begin XCConfigurationList section */
		BE99A1802C44AA230011F371 /* Build configuration list for PBXProject "Harmony" */ = {
			isa = XCConfigurationList;
			buildConfigurations = (
				BE99A1912C44AA250011F371 /* Debug */,
				BE99A1922C44AA250011F371 /* Release */,
			);
			defaultConfigurationIsVisible = 0;
			defaultConfigurationName = Release;
		};
		BE99A1932C44AA250011F371 /* Build configuration list for PBXNativeTarget "Harmony" */ = {
			isa = XCConfigurationList;
			buildConfigurations = (
				BE99A1942C44AA250011F371 /* Debug */,
				BE99A1952C44AA250011F371 /* Release */,
			);
			defaultConfigurationIsVisible = 0;
			defaultConfigurationName = Release;
		};
/* End XCConfigurationList section */

/* Begin XCRemoteSwiftPackageReference section */
		BE3E4FF62C460F88003EC4E1 /* XCRemoteSwiftPackageReference "Alamofire" */ = {
			isa = XCRemoteSwiftPackageReference;
			repositoryURL = "https://github.com/Alamofire/Alamofire.git";
			requirement = {
				kind = upToNextMajorVersion;
				minimumVersion = 5.9.1;
			};
		};
		BE3E4FFF2C461BED003EC4E1 /* XCRemoteSwiftPackageReference "Kingfisher" */ = {
			isa = XCRemoteSwiftPackageReference;
			repositoryURL = "https://github.com/onevcat/Kingfisher.git";
			requirement = {
				kind = upToNextMajorVersion;
				minimumVersion = 7.12.0;
			};
		};
/* End XCRemoteSwiftPackageReference section */

/* Begin XCSwiftPackageProductDependency section */
		BE3E4FF72C460F88003EC4E1 /* Alamofire */ = {
			isa = XCSwiftPackageProductDependency;
			package = BE3E4FF62C460F88003EC4E1 /* XCRemoteSwiftPackageReference "Alamofire" */;
			productName = Alamofire;
		};
		BE3E50002C461BED003EC4E1 /* Kingfisher */ = {
			isa = XCSwiftPackageProductDependency;
			package = BE3E4FFF2C461BED003EC4E1 /* XCRemoteSwiftPackageReference "Kingfisher" */;
			productName = Kingfisher;
		};
/* End XCSwiftPackageProductDependency section */
	};
	rootObject = BE99A17D2C44AA230011F371 /* Project object */;
}
